version = 1
revision = 2
requires-python = ">=3.8"
resolution-markers = [
    "python_full_version >= '3.10'",
    "python_full_version < '3.10'",
]

[[package]]
name = "click"
version = "8.1.8"
source = { registry = "https://pypi.org/simple" }
resolution-markers = [
    "python_full_version < '3.10'",
]
dependencies = [
    { name = "colorama", marker = "python_full_version < '3.10' and sys_platform == 'win32'" },
]
sdist = { url = "https://files.pythonhosted.org/packages/b9/2e/0090cbf739cee7d23781ad4b89a9894a41538e4fcf4c31dcdd705b78eb8b/click-8.1.8.tar.gz", hash = "sha256:ed53c9d8990d83c2a27deae68e4ee337473f6330c040a31d4225c9574d16096a", size = 226593, upload-time = "2024-12-21T18:38:44.339Z" }
wheels = [
    { url = "https://files.pythonhosted.org/packages/7e/d4/7ebdbd03970677812aac39c869717059dbb71a4cfc033ca6e5221787892c/click-8.1.8-py3-none-any.whl", hash = "sha256:63c132bbbed01578a06712a2d1f497bb62d9c1c0d329b7903a866228027263b2", size = 98188, upload-time = "2024-12-21T18:38:41.666Z" },
]

[[package]]
name = "click"
version = "8.4.2"
source = { registry = "https://pypi.org/simple" }
resolution-markers = [
    "python_full_version >= '3.10'",
]
dependencies = [
    { name = "colorama", marker = "python_full_version >= '3.10' and sys_platform == 'win32'" },
]
sdist = { url = "https://files.pythonhosted.org/packages/76/d4/81420972a676e8ffea40450d8c8c92943e7218a78fe9b64359836cc9876b/click-8.4.2.tar.gz", hash = "sha256:9a6cea6e60b17ebe0a44c5cc636d94f09bd66142c1cd7d8b4cd731c4917a15f6", size = 338000, upload-time = "2026-06-24T17:45:15.148Z" }
wheels = [
    { url = "https://files.pythonhosted.org/packages/fb/e2/79c688af8b210d232694e31e59da9f6ec747bae31c3f5946e4e9b98860d5/click-8.4.2-py3-none-any.whl", hash = "sha256:e6f9f66136c816745b9d65817da91d61d957fb16e02e4dcd0552553c5a197b76", size = 119243, upload-time = "2026-06-24T17:45:13.73Z" },
]

[[package]]
name = "colorama"
version = "0.4.6"
source = { registry = "https://pypi.org/simple" }
sdist = { url = "https://files.pythonhosted.org/packages/d8/53/6f443c9a4a8358a93a6792e2acffb9d9d5cb0a5cfd8802644b7b1c9a02e4/colorama-0.4.6.tar.gz", hash = "sha256:08695f5cb7ed6e0531a20572697297273c47b8cae5a63ffc6d6ed5c201be6e44", size = 27697, upload-time = "2022-10-25T02:36:22.414Z" }
wheels = [
    { url = "https://files.pythonhosted.org/packages/d1/d6/3965ed04c63042e047cb6a3e6ed1a63a35087b6a609aa3a15ed8ac56c221/colorama-0.4.6-py2.py3-none-any.whl", hash = "sha256:4f1d9991f5acc0ca119f9d443620b77f9d6b33703e51011c16baf57afb285fc6", size = 25335, upload-time = "2022-10-25T02:36:20.889Z" },
]

[[package]]
name = "dnfile"
version = "0.18.0"
source = { registry = "https://pypi.org/simple" }
dependencies = [
    { name = "pefile" },
]
sdist = { url = "https://files.pythonhosted.org/packages/01/c3/89dbe3a48dfa303060d59b74b97b8401cc70b9b4d4c24982202861fd82e9/dnfile-0.18.0.tar.gz", hash = "sha256:24eec63d65535b702236001e648bbf2fa139d1a7bea191fdca17c3be337eb4db", size = 51519, upload-time = "2026-01-31T05:09:11.212Z" }
wheels = [
    { url = "https://files.pythonhosted.org/packages/39/ad/4f945155a78800cea02cb258bc0b7704c43cf94f50f75c808f0618694153/dnfile-0.18.0-py3-none-any.whl", hash = "sha256:7579fe2d6bb1d854aa154929c309fbf34e70b622053a043a51d42f079fad1772", size = 48044, upload-time = "2026-01-31T05:09:09.703Z" },
]

[[package]]
name = "pefile"
version = "2024.8.26"
source = { registry = "https://pypi.org/simple" }
sdist = { url = "https://files.pythonhosted.org/packages/03/4f/2750f7f6f025a1507cd3b7218691671eecfd0bbebebe8b39aa0fe1d360b8/pefile-2024.8.26.tar.gz", hash = "sha256:3ff6c5d8b43e8c37bb6e6dd5085658d658a7a0bdcd20b6a07b1fcfc1c4e9d632", size = 76008, upload-time = "2024-08-26T20:58:38.155Z" }
wheels = [
    { url = "https://files.pythonhosted.org/packages/54/16/12b82f791c7f50ddec566873d5bdd245baa1491bac11d15ffb98aecc8f8b/pefile-2024.8.26-py3-none-any.whl", hash = "sha256:76f8b485dcd3b1bb8166f1128d395fa3d87af26360c2358fb75b80019b957c6f", size = 74766, upload-time = "2024-08-26T21:01:02.632Z" },
]

[[package]]
name = "pyserial"
version = "3.5"
source = { registry = "https://pypi.org/simple" }
sdist = { url = "https://files.pythonhosted.org/packages/1e/7d/ae3f0a63f41e4d2f6cb66a5b57197850f919f59e558159a4dd3a818f5082/pyserial-3.5.tar.gz", hash = "sha256:3c77e014170dfffbd816e6ffc205e9842efb10be9f58ec16d3e8675b4925cddb", size = 159125, upload-time = "2020-11-23T03:59:15.045Z" }
wheels = [
    { url = "https://files.pythonhosted.org/packages/07/bc/587a445451b253b285629263eb51c2d8e9bcea4fc97826266d186f96f558/pyserial-3.5-py2.py3-none-any.whl", hash = "sha256:c4451db6ba391ca6ca299fb3ec7bae67a5c55dde170964c7a14ceefec02f2cf0", size = 90585, upload-time = "2020-11-23T03:59:13.41Z" },
]

[[package]]
name = "sllurp"
version = "2.0.1"
source = { registry = "https://pypi.org/simple" }
resolution-markers = [
    "python_full_version < '3.10'",
]
dependencies = [
    { name = "click", version = "8.1.8", source = { registry = "https://pypi.org/simple" }, marker = "python_full_version < '3.10'" },
]
sdist = { url = "https://files.pythonhosted.org/packages/28/1e/4ff1dc6edde35703828a6442bd11a68009f6c310df22a9a02e8ee3264941/sllurp-2.0.1.tar.gz", hash = "sha256:e12ac7963914eccd5af16307b05ec3249a2f2c7adb1d0981d9f1271f64eb4bb4", size = 66506, upload-time = "2024-09-09T13:04:36.549Z" }
wheels = [
    { url = "https://files.pythonhosted.org/packages/dd/32/597ff7341ce847bf2c91ff1cb038c274baa55f0aca593ba01e56d469d5d5/sllurp-2.0.1-py2.py3-none-any.whl", hash = "sha256:f493f1a4a21dd72419b50fdc027bd39261ae286de1edcc73e385833d566584ff", size = 75703, upload-time = "2024-09-09T13:04:34.935Z" },
]

[[package]]
name = "sllurp"
version = "3.0.5"
source = { registry = "https://pypi.org/simple" }
resolution-markers = [
    "python_full_version >= '3.10'",
]
dependencies = [
    { name = "click", version = "8.4.2", source = { registry = "https://pypi.org/simple" }, marker = "python_full_version >= '3.10'" },
]
sdist = { url = "https://files.pythonhosted.org/packages/60/fc/8bff260973854af03bc5e79afeb1e60c4b3def93b74b106c45ea76f13a63/sllurp-3.0.5.tar.gz", hash = "sha256:3360079a0804989e249f039fddb9ee9f9a32dec0bd77d48ca50a02382605d367", size = 71232, upload-time = "2026-04-20T04:54:59.434Z" }
wheels = [
    { url = "https://files.pythonhosted.org/packages/3a/77/67621db07a7793d82c43c5b8e6f9082edd0db70a45424e1e653d4bbd8571/sllurp-3.0.5-py3-none-any.whl", hash = "sha256:0c013b530e9759d9cc64f917b07ab72faf4c0e6eb1aa34ab77407ed8f00b7a08", size = 66989, upload-time = "2026-04-20T04:54:58Z" },
]

[[package]]
name = "testestcc2"
version = "0.1.0"
source = { virtual = "." }
dependencies = [
    { name = "dnfile" },
    { name = "pyserial" },
    { name = "sllurp", version = "2.0.1", source = { registry = "https://pypi.org/simple" }, marker = "python_full_version < '3.10'" },
    { name = "sllurp", version = "3.0.5", source = { registry = "https://pypi.org/simple" }, marker = "python_full_version >= '3.10'" },
]

[package.metadata]
requires-dist = [
    { name = "dnfile", specifier = ">=0.18.0" },
    { name = "pyserial", specifier = ">=3.5" },
    { name = "sllurp", specifier = ">=2.0.1" },
]
